
Microsoft Visual Studio Solution File, Format Version 12.00
# Visual Studio 15
Project("{FAE04EC0-301F-11D3-BF4B-00C04F79EFBC}") = "MagicYearCalculatorKata", "MagicYearCalculatorKata\MagicYearCalculatorKata.csproj", "{3F5CBD05-B148-4C75-BEC2-1039A25436A8}"
EndProject
Project("{FAE04EC0-301F-11D3-BF4B-00C04F79EFBC}") = "MagicYearCalculatorTest", "MagicYearCalculatorTest\MagicYearCalculatorTest.csproj", "{281763E8-0E44-4341-ACFC-F543643D6929}"
EndProject
Global
	GlobalSection(SolutionConfigurationPlatforms) = preSolution
		Debug|Any CPU = Debug|Any CPU
		Release|Any CPU = Release|Any CPU
	EndGlobalSection
	GlobalSection(ProjectConfigurationPlatforms) = postSolution
		{3F5CBD05-B148-4C75-BEC2-1039A25436A8}.Debug|Any CPU.ActiveCfg = Debug|Any CPU
		{3F5CBD05-B148-4C75-BEC2-1039A25436A8}.Debug|Any CPU.Build.0 = Debug|Any CPU
		{3F5CBD05-B148-4C75-BEC2-1039A25436A8}.Release|Any CPU.ActiveCfg = Release|Any CPU
		{3F5CBD05-B148-4C75-BEC2-1039A25436A8}.Release|Any CPU.Build.0 = Release|Any CPU
		{281763E8-0E44-4341-ACFC-F543643D6929}.Debug|Any CPU.ActiveCfg = Debug|Any CPU
		{281763E8-0E44-4341-ACFC-F543643D6929}.Debug|Any CPU.Build.0 = Debug|Any CPU
		{281763E8-0E44-4341-ACFC-F543643D6929}.Release|Any CPU.ActiveCfg = Release|Any CPU
		{281763E8-0E44-4341-ACFC-F543643D6929}.Release|Any CPU.Build.0 = Release|Any CPU
	EndGlobalSection
EndGlobal
